
Microsoft Visual Studio Solution File, Format Version 12.00
# Visual Studio Express 2012 for Web
Project("{F184B08F-C81C-45F6-A57F-5ABD9991F28F}") = "HelloVisualStudioForWeb", "HelloVisualStudioForWeb\HelloVisualStudioForWeb.vbproj", "{CD1E04CF-384D-459F-9F9A-3F8201E800BA}"
EndProject
Global
	GlobalSection(SolutionConfigurationPlatforms) = preSolution
		Debug|Any CPU = Debug|Any CPU
		Release|Any CPU = Release|Any CPU
	EndGlobalSection
	GlobalSection(ProjectConfigurationPlatforms) = postSolution
		{CD1E04CF-384D-459F-9F9A-3F8201E800BA}.Debug|Any CPU.ActiveCfg = Debug|Any CPU
		{CD1E04CF-384D-459F-9F9A-3F8201E800BA}.Debug|Any CPU.Build.0 = Debug|Any CPU
		{CD1E04CF-384D-459F-9F9A-3F8201E800BA}.Release|Any CPU.ActiveCfg = Release|Any CPU
		{CD1E04CF-384D-459F-9F9A-3F8201E800BA}.Release|Any CPU.Build.0 = Release|Any CPU
	EndGlobalSection
	GlobalSection(SolutionProperties) = preSolution
		HideSolutionNode = FALSE
	EndGlobalSection
EndGlobal
