
Microsoft Visual Studio Solution File, Format Version 12.00
# Visual Studio Express 2012 for Web
Project("{F184B08F-C81C-45F6-A57F-5ABD9991F28F}") = "WebCalculator", "WebCalculator\WebCalculator.vbproj", "{4BBC77FB-3461-4109-8C56-BFB02636BAFB}"
EndProject
Global
	GlobalSection(SolutionConfigurationPlatforms) = preSolution
		Debug|Any CPU = Debug|Any CPU
		Release|Any CPU = Release|Any CPU
	EndGlobalSection
	GlobalSection(ProjectConfigurationPlatforms) = postSolution
		{4BBC77FB-3461-4109-8C56-BFB02636BAFB}.Debug|Any CPU.ActiveCfg = Debug|Any CPU
		{4BBC77FB-3461-4109-8C56-BFB02636BAFB}.Debug|Any CPU.Build.0 = Debug|Any CPU
		{4BBC77FB-3461-4109-8C56-BFB02636BAFB}.Release|Any CPU.ActiveCfg = Release|Any CPU
		{4BBC77FB-3461-4109-8C56-BFB02636BAFB}.Release|Any CPU.Build.0 = Release|Any CPU
	EndGlobalSection
	GlobalSection(SolutionProperties) = preSolution
		HideSolutionNode = FALSE
	EndGlobalSection
EndGlobal
